
Microsoft Visual Studio Solution File, Format Version 12.00
# Visual Studio Version 16
VisualStudioVersion = 16.0.31702.278
MinimumVisualStudioVersion = 10.0.40219.1
Project("{FAE04EC0-301F-11D3-BF4B-00C04F79EFBC}") = "WpfMedLabApp", "WpfMedLabApp\WpfMedLabApp.csproj", "{713726DE-CC23-49A8-BE57-E92EAA93C77F}"
EndProject
Global
	GlobalSection(SolutionConfigurationPlatforms) = preSolution
		Debug|Any CPU = Debug|Any CPU
		Release|Any CPU = Release|Any CPU
	EndGlobalSection
	GlobalSection(ProjectConfigurationPlatforms) = postSolution
		{713726DE-CC23-49A8-BE57-E92EAA93C77F}.Debug|Any CPU.ActiveCfg = Debug|Any CPU
		{713726DE-CC23-49A8-BE57-E92EAA93C77F}.Debug|Any CPU.Build.0 = Debug|Any CPU
		{713726DE-CC23-49A8-BE57-E92EAA93C77F}.Release|Any CPU.ActiveCfg = Release|Any CPU
		{713726DE-CC23-49A8-BE57-E92EAA93C77F}.Release|Any CPU.Build.0 = Release|Any CPU
	EndGlobalSection
	GlobalSection(SolutionProperties) = preSolution
		HideSolutionNode = FALSE
	EndGlobalSection
	GlobalSection(ExtensibilityGlobals) = postSolution
		SolutionGuid = {2DE4564D-7F39-473A-B44A-D8A323017F15}
	EndGlobalSection
EndGlobal
